
Microsoft Visual Studio Solution File, Format Version 12.00
# Visual Studio 15
VisualStudioVersion = 15.0.27703.2026
MinimumVisualStudioVersion = 10.0.40219.1
Project("{FAE04EC0-301F-11D3-BF4B-00C04F79EFBC}") = "CQRS-Command", "CQRS-Command\CQRS-Command.csproj", "{0AFD6990-E5F0-4D2E-B472-E0F5EFC482D0}"
EndProject
Project("{FAE04EC0-301F-11D3-BF4B-00C04F79EFBC}") = "CQRS-Query", "CQRS-Query\CQRS-Query.csproj", "{2D9D08BA-AC91-45C8-97E7-CE3393B310ED}"
EndProject
Global
	GlobalSection(SolutionConfigurationPlatforms) = preSolution
		Debug|Any CPU = Debug|Any CPU
		Release|Any CPU = Release|Any CPU
	EndGlobalSection
	GlobalSection(ProjectConfigurationPlatforms) = postSolution
		{0AFD6990-E5F0-4D2E-B472-E0F5EFC482D0}.Debug|Any CPU.ActiveCfg = Debug|Any CPU
		{0AFD6990-E5F0-4D2E-B472-E0F5EFC482D0}.Debug|Any CPU.Build.0 = Debug|Any CPU
		{0AFD6990-E5F0-4D2E-B472-E0F5EFC482D0}.Release|Any CPU.ActiveCfg = Release|Any CPU
		{0AFD6990-E5F0-4D2E-B472-E0F5EFC482D0}.Release|Any CPU.Build.0 = Release|Any CPU
		{2D9D08BA-AC91-45C8-97E7-CE3393B310ED}.Debug|Any CPU.ActiveCfg = Debug|Any CPU
		{2D9D08BA-AC91-45C8-97E7-CE3393B310ED}.Debug|Any CPU.Build.0 = Debug|Any CPU
		{2D9D08BA-AC91-45C8-97E7-CE3393B310ED}.Release|Any CPU.ActiveCfg = Release|Any CPU
		{2D9D08BA-AC91-45C8-97E7-CE3393B310ED}.Release|Any CPU.Build.0 = Release|Any CPU
	EndGlobalSection
	GlobalSection(SolutionProperties) = preSolution
		HideSolutionNode = FALSE
	EndGlobalSection
	GlobalSection(ExtensibilityGlobals) = postSolution
		SolutionGuid = {1615AA67-F31B-4DFD-9198-31B549035FBE}
	EndGlobalSection
EndGlobal
